
Microsoft Visual Studio Solution File, Format Version 12.00
# Visual Studio 14
VisualStudioVersion = 14.0.25420.1
MinimumVisualStudioVersion = 10.0.40219.1
Project("{8BC9CEB8-8B4A-11D0-8D11-00A0C91BC942}") = "DesignPatterns_Singleton", "DesignPatterns_Singleton\DesignPatterns_Singleton.vcxproj", "{FED8AF5B-6536-4D82-9504-C0AD38CC9602}"
EndProject
Project("{8BC9CEB8-8B4A-11D0-8D11-00A0C91BC942}") = "DesignPatterns_Multiton", "DesignPatterns_Multiton\DesignPatterns_Multiton.vcxproj", "{C38E575C-8583-425B-97C0-EF5A825EF8F0}"
EndProject
Project("{8BC9CEB8-8B4A-11D0-8D11-00A0C91BC942}") = "DesignPatterns_Factory", "DesignPatterns_Factory\DesignPatterns_Factory.vcxproj", "{BA9511B9-DDD7-4B1D-9C71-4141FE9DD7A0}"
EndProject
Project("{8BC9CEB8-8B4A-11D0-8D11-00A0C91BC942}") = "Utils", "Utils\Utils.vcxproj", "{AFD94219-AE6A-40C0-8712-B8A39EC44E72}"
EndProject
Project("{8BC9CEB8-8B4A-11D0-8D11-00A0C91BC942}") = "DesignPatterns_Adapter", "DesignPatterns_Adapter\DesignPatterns_Adapter.vcxproj", "{443B9963-0CA9-463D-9F8A-4D81B2977269}"
EndProject
Project("{8BC9CEB8-8B4A-11D0-8D11-00A0C91BC942}") = "DesignPatterns_Composite", "DesignPatterns_Composite\DesignPatterns_Composite.vcxproj", "{6ECDA69F-3339-4D08-83D6-6AECA3FC3E75}"
EndProject
Project("{8BC9CEB8-8B4A-11D0-8D11-00A0C91BC942}") = "DesignPatterns_Strategy", "DesignPatterns_Strategy\DesignPatterns_Strategy.vcxproj", "{95537AC2-8022-4BA5-AB95-C4E0E068A2A1}"
EndProject
Project("{8BC9CEB8-8B4A-11D0-8D11-00A0C91BC942}") = "SortingAlgorithms", "SortingAlgorithms\SortingAlgorithms.vcxproj", "{98EFB5AD-7AEF-4EB5-AA81-946696A9BAC7}"
EndProject
Project("{8BC9CEB8-8B4A-11D0-8D11-00A0C91BC942}") = "DesignPatterns_Observer", "DesignPatterns_Observer\DesignPatterns_Observer.vcxproj", "{74F4FF46-A849-43D8-BC6C-80985AA07134}"
EndProject
Project("{8BC9CEB8-8B4A-11D0-8D11-00A0C91BC942}") = "DesignPatterns_Facade", "DesignPatterns_Facade\DesignPatterns_Facade.vcxproj", "{6BEE6F32-F6AE-4545-A852-4430DB8B6ABA}"
EndProject
Project("{8BC9CEB8-8B4A-11D0-8D11-00A0C91BC942}") = "DesignPatterns_Decorator", "DesignPatterns_Decorator\DesignPatterns_Decorator.vcxproj", "{87399ECE-DED6-4444-A7F7-1CEE76CC6B35}"
EndProject
Project("{8BC9CEB8-8B4A-11D0-8D11-00A0C91BC942}") = "STL_Algorithms", "STL_Algorithms\STL_Algorithms.vcxproj", "{495BD9B2-9CA3-423E-95EF-6BAE785E7CD0}"
EndProject
Project("{8BC9CEB8-8B4A-11D0-8D11-00A0C91BC942}") = "DesignPatterns_State", "DesignPatterns_State\DesignPatterns_State.vcxproj", "{FF41F773-7A23-4B1C-A011-7B73BC6FA214}"
EndProject
Project("{8BC9CEB8-8B4A-11D0-8D11-00A0C91BC942}") = "DesignPatterns_Mediator", "DesignPatterns_Mediator\DesignPatterns_Mediator.vcxproj", "{B1060892-5A91-4FA4-8F0F-877C85FE54ED}"
EndProject
Project("{8BC9CEB8-8B4A-11D0-8D11-00A0C91BC942}") = "DesignPatterns_Builder", "DesignPatterns_Builder\DesignPatterns_Builder.vcxproj", "{C43816F5-03F9-4A8F-95DD-475109B8F52A}"
EndProject
Project("{8BC9CEB8-8B4A-11D0-8D11-00A0C91BC942}") = "DesignPatterns_TemplateMethod", "DesignPatterns_TemplateMethod\DesignPatterns_TemplateMethod.vcxproj", "{02FD8A78-3C0F-4BC7-B465-2F23A5AE0BBE}"
EndProject
Project("{8BC9CEB8-8B4A-11D0-8D11-00A0C91BC942}") = "DesignPatterns_Command", "DesignPatterns_Command\DesignPatterns_Command.vcxproj", "{3E433536-3A94-4CB0-ADFE-07422A0AA3E1}"
EndProject
Project("{8BC9CEB8-8B4A-11D0-8D11-00A0C91BC942}") = "TemplateMetaProgramming_PolicyClass", "TemplateMetaProgramming_PolicyClass\TemplateMetaProgramming_PolicyClass.vcxproj", "{9D428CD5-B0FC-4468-8650-718AE0CC2BE2}"
EndProject
Global
	GlobalSection(SolutionConfigurationPlatforms) = preSolution
		Debug|x64 = Debug|x64
		Debug|x86 = Debug|x86
		Release|x64 = Release|x64
		Release|x86 = Release|x86
	EndGlobalSection
	GlobalSection(ProjectConfigurationPlatforms) = postSolution
		{FED8AF5B-6536-4D82-9504-C0AD38CC9602}.Debug|x64.ActiveCfg = Debug|x64
		{FED8AF5B-6536-4D82-9504-C0AD38CC9602}.Debug|x64.Build.0 = Debug|x64
		{FED8AF5B-6536-4D82-9504-C0AD38CC9602}.Debug|x86.ActiveCfg = Debug|Win32
		{FED8AF5B-6536-4D82-9504-C0AD38CC9602}.Debug|x86.Build.0 = Debug|Win32
		{FED8AF5B-6536-4D82-9504-C0AD38CC9602}.Release|x64.ActiveCfg = Release|x64
		{FED8AF5B-6536-4D82-9504-C0AD38CC9602}.Release|x64.Build.0 = Release|x64
		{FED8AF5B-6536-4D82-9504-C0AD38CC9602}.Release|x86.ActiveCfg = Release|Win32
		{FED8AF5B-6536-4D82-9504-C0AD38CC9602}.Release|x86.Build.0 = Release|Win32
		{C38E575C-8583-425B-97C0-EF5A825EF8F0}.Debug|x64.ActiveCfg = Debug|x64
		{C38E575C-8583-425B-97C0-EF5A825EF8F0}.Debug|x64.Build.0 = Debug|x64
		{C38E575C-8583-425B-97C0-EF5A825EF8F0}.Debug|x86.ActiveCfg = Debug|Win32
		{C38E575C-8583-425B-97C0-EF5A825EF8F0}.Debug|x86.Build.0 = Debug|Win32
		{C38E575C-8583-425B-97C0-EF5A825EF8F0}.Release|x64.ActiveCfg = Release|x64
		{C38E575C-8583-425B-97C0-EF5A825EF8F0}.Release|x64.Build.0 = Release|x64
		{C38E575C-8583-425B-97C0-EF5A825EF8F0}.Release|x86.ActiveCfg = Release|Win32
		{C38E575C-8583-425B-97C0-EF5A825EF8F0}.Release|x86.Build.0 = Release|Win32
		{BA9511B9-DDD7-4B1D-9C71-4141FE9DD7A0}.Debug|x64.ActiveCfg = Debug|x64
		{BA9511B9-DDD7-4B1D-9C71-4141FE9DD7A0}.Debug|x64.Build.0 = Debug|x64
		{BA9511B9-DDD7-4B1D-9C71-4141FE9DD7A0}.Debug|x86.ActiveCfg = Debug|Win32
		{BA9511B9-DDD7-4B1D-9C71-4141FE9DD7A0}.Debug|x86.Build.0 = Debug|Win32
		{BA9511B9-DDD7-4B1D-9C71-4141FE9DD7A0}.Release|x64.ActiveCfg = Release|x64
		{BA9511B9-DDD7-4B1D-9C71-4141FE9DD7A0}.Release|x64.Build.0 = Release|x64
		{BA9511B9-DDD7-4B1D-9C71-4141FE9DD7A0}.Release|x86.ActiveCfg = Release|Win32
		{BA9511B9-DDD7-4B1D-9C71-4141FE9DD7A0}.Release|x86.Build.0 = Release|Win32
		{AFD94219-AE6A-40C0-8712-B8A39EC44E72}.Debug|x64.ActiveCfg = Debug|x64
		{AFD94219-AE6A-40C0-8712-B8A39EC44E72}.Debug|x64.Build.0 = Debug|x64
		{AFD94219-AE6A-40C0-8712-B8A39EC44E72}.Debug|x86.ActiveCfg = Debug|Win32
		{AFD94219-AE6A-40C0-8712-B8A39EC44E72}.Debug|x86.Build.0 = Debug|Win32
		{AFD94219-AE6A-40C0-8712-B8A39EC44E72}.Release|x64.ActiveCfg = Release|x64
		{AFD94219-AE6A-40C0-8712-B8A39EC44E72}.Release|x64.Build.0 = Release|x64
		{AFD94219-AE6A-40C0-8712-B8A39EC44E72}.Release|x86.ActiveCfg = Release|Win32
		{AFD94219-AE6A-40C0-8712-B8A39EC44E72}.Release|x86.Build.0 = Release|Win32
		{443B9963-0CA9-463D-9F8A-4D81B2977269}.Debug|x64.ActiveCfg = Debug|x64
		{443B9963-0CA9-463D-9F8A-4D81B2977269}.Debug|x64.Build.0 = Debug|x64
		{443B9963-0CA9-463D-9F8A-4D81B2977269}.Debug|x86.ActiveCfg = Debug|Win32
		{443B9963-0CA9-463D-9F8A-4D81B2977269}.Debug|x86.Build.0 = Debug|Win32
		{443B9963-0CA9-463D-9F8A-4D81B2977269}.Release|x64.ActiveCfg = Release|x64
		{443B9963-0CA9-463D-9F8A-4D81B2977269}.Release|x64.Build.0 = Release|x64
		{443B9963-0CA9-463D-9F8A-4D81B2977269}.Release|x86.ActiveCfg = Release|Win32
		{443B9963-0CA9-463D-9F8A-4D81B2977269}.Release|x86.Build.0 = Release|Win32
		{6ECDA69F-3339-4D08-83D6-6AECA3FC3E75}.Debug|x64.ActiveCfg = Debug|x64
		{6ECDA69F-3339-4D08-83D6-6AECA3FC3E75}.Debug|x64.Build.0 = Debug|x64
		{6ECDA69F-3339-4D08-83D6-6AECA3FC3E75}.Debug|x86.ActiveCfg = Debug|Win32
		{6ECDA69F-3339-4D08-83D6-6AECA3FC3E75}.Debug|x86.Build.0 = Debug|Win32
		{6ECDA69F-3339-4D08-83D6-6AECA3FC3E75}.Release|x64.ActiveCfg = Release|x64
		{6ECDA69F-3339-4D08-83D6-6AECA3FC3E75}.Release|x64.Build.0 = Release|x64
		{6ECDA69F-3339-4D08-83D6-6AECA3FC3E75}.Release|x86.ActiveCfg = Release|Win32
		{6ECDA69F-3339-4D08-83D6-6AECA3FC3E75}.Release|x86.Build.0 = Release|Win32
		{95537AC2-8022-4BA5-AB95-C4E0E068A2A1}.Debug|x64.ActiveCfg = Debug|x64
		{95537AC2-8022-4BA5-AB95-C4E0E068A2A1}.Debug|x64.Build.0 = Debug|x64
		{95537AC2-8022-4BA5-AB95-C4E0E068A2A1}.Debug|x86.ActiveCfg = Debug|Win32
		{95537AC2-8022-4BA5-AB95-C4E0E068A2A1}.Debug|x86.Build.0 = Debug|Win32
		{95537AC2-8022-4BA5-AB95-C4E0E068A2A1}.Release|x64.ActiveCfg = Release|x64
		{95537AC2-8022-4BA5-AB95-C4E0E068A2A1}.Release|x64.Build.0 = Release|x64
		{95537AC2-8022-4BA5-AB95-C4E0E068A2A1}.Release|x86.ActiveCfg = Release|Win32
		{95537AC2-8022-4BA5-AB95-C4E0E068A2A1}.Release|x86.Build.0 = Release|Win32
		{98EFB5AD-7AEF-4EB5-AA81-946696A9BAC7}.Debug|x64.ActiveCfg = Debug|x64
		{98EFB5AD-7AEF-4EB5-AA81-946696A9BAC7}.Debug|x64.Build.0 = Debug|x64
		{98EFB5AD-7AEF-4EB5-AA81-946696A9BAC7}.Debug|x86.ActiveCfg = Debug|Win32
		{98EFB5AD-7AEF-4EB5-AA81-946696A9BAC7}.Debug|x86.Build.0 = Debug|Win32
		{98EFB5AD-7AEF-4EB5-AA81-946696A9BAC7}.Release|x64.ActiveCfg = Release|x64
		{98EFB5AD-7AEF-4EB5-AA81-946696A9BAC7}.Release|x64.Build.0 = Release|x64
		{98EFB5AD-7AEF-4EB5-AA81-946696A9BAC7}.Release|x86.ActiveCfg = Release|Win32
		{98EFB5AD-7AEF-4EB5-AA81-946696A9BAC7}.Release|x86.Build.0 = Release|Win32
		{74F4FF46-A849-43D8-BC6C-80985AA07134}.Debug|x64.ActiveCfg = Debug|x64
		{74F4FF46-A849-43D8-BC6C-80985AA07134}.Debug|x64.Build.0 = Debug|x64
		{74F4FF46-A849-43D8-BC6C-80985AA07134}.Debug|x86.ActiveCfg = Debug|Win32
		{74F4FF46-A849-43D8-BC6C-80985AA07134}.Debug|x86.Build.0 = Debug|Win32
		{74F4FF46-A849-43D8-BC6C-80985AA07134}.Release|x64.ActiveCfg = Release|x64
		{74F4FF46-A849-43D8-BC6C-80985AA07134}.Release|x64.Build.0 = Release|x64
		{74F4FF46-A849-43D8-BC6C-80985AA07134}.Release|x86.ActiveCfg = Release|Win32
		{74F4FF46-A849-43D8-BC6C-80985AA07134}.Release|x86.Build.0 = Release|Win32
		{6BEE6F32-F6AE-4545-A852-4430DB8B6ABA}.Debug|x64.ActiveCfg = Debug|x64
		{6BEE6F32-F6AE-4545-A852-4430DB8B6ABA}.Debug|x64.Build.0 = Debug|x64
		{6BEE6F32-F6AE-4545-A852-4430DB8B6ABA}.Debug|x86.ActiveCfg = Debug|Win32
		{6BEE6F32-F6AE-4545-A852-4430DB8B6ABA}.Debug|x86.Build.0 = Debug|Win32
		{6BEE6F32-F6AE-4545-A852-4430DB8B6ABA}.Release|x64.ActiveCfg = Release|x64
		{6BEE6F32-F6AE-4545-A852-4430DB8B6ABA}.Release|x64.Build.0 = Release|x64
		{6BEE6F32-F6AE-4545-A852-4430DB8B6ABA}.Release|x86.ActiveCfg = Release|Win32
		{6BEE6F32-F6AE-4545-A852-4430DB8B6ABA}.Release|x86.Build.0 = Release|Win32
		{87399ECE-DED6-4444-A7F7-1CEE76CC6B35}.Debug|x64.ActiveCfg = Debug|x64
		{87399ECE-DED6-4444-A7F7-1CEE76CC6B35}.Debug|x64.Build.0 = Debug|x64
		{87399ECE-DED6-4444-A7F7-1CEE76CC6B35}.Debug|x86.ActiveCfg = Debug|Win32
		{87399ECE-DED6-4444-A7F7-1CEE76CC6B35}.Debug|x86.Build.0 = Debug|Win32
		{87399ECE-DED6-4444-A7F7-1CEE76CC6B35}.Release|x64.ActiveCfg = Release|x64
		{87399ECE-DED6-4444-A7F7-1CEE76CC6B35}.Release|x64.Build.0 = Release|x64
		{87399ECE-DED6-4444-A7F7-1CEE76CC6B35}.Release|x86.ActiveCfg = Release|Win32
		{87399ECE-DED6-4444-A7F7-1CEE76CC6B35}.Release|x86.Build.0 = Release|Win32
		{495BD9B2-9CA3-423E-95EF-6BAE785E7CD0}.Debug|x64.ActiveCfg = Debug|x64
		{495BD9B2-9CA3-423E-95EF-6BAE785E7CD0}.Debug|x64.Build.0 = Debug|x64
		{495BD9B2-9CA3-423E-95EF-6BAE785E7CD0}.Debug|x86.ActiveCfg = Debug|Win32
		{495BD9B2-9CA3-423E-95EF-6BAE785E7CD0}.Debug|x86.Build.0 = Debug|Win32
		{495BD9B2-9CA3-423E-95EF-6BAE785E7CD0}.Release|x64.ActiveCfg = Release|x64
		{495BD9B2-9CA3-423E-95EF-6BAE785E7CD0}.Release|x64.Build.0 = Release|x64
		{495BD9B2-9CA3-423E-95EF-6BAE785E7CD0}.Release|x86.ActiveCfg = Release|Win32
		{495BD9B2-9CA3-423E-95EF-6BAE785E7CD0}.Release|x86.Build.0 = Release|Win32
		{FF41F773-7A23-4B1C-A011-7B73BC6FA214}.Debug|x64.ActiveCfg = Debug|x64
		{FF41F773-7A23-4B1C-A011-7B73BC6FA214}.Debug|x64.Build.0 = Debug|x64
		{FF41F773-7A23-4B1C-A011-7B73BC6FA214}.Debug|x86.ActiveCfg = Debug|Win32
		{FF41F773-7A23-4B1C-A011-7B73BC6FA214}.Debug|x86.Build.0 = Debug|Win32
		{FF41F773-7A23-4B1C-A011-7B73BC6FA214}.Release|x64.ActiveCfg = Release|x64
		{FF41F773-7A23-4B1C-A011-7B73BC6FA214}.Release|x64.Build.0 = Release|x64
		{FF41F773-7A23-4B1C-A011-7B73BC6FA214}.Release|x86.ActiveCfg = Release|Win32
		{FF41F773-7A23-4B1C-A011-7B73BC6FA214}.Release|x86.Build.0 = Release|Win32
		{B1060892-5A91-4FA4-8F0F-877C85FE54ED}.Debug|x64.ActiveCfg = Debug|x64
		{B1060892-5A91-4FA4-8F0F-877C85FE54ED}.Debug|x64.Build.0 = Debug|x64
		{B1060892-5A91-4FA4-8F0F-877C85FE54ED}.Debug|x86.ActiveCfg = Debug|Win32
		{B1060892-5A91-4FA4-8F0F-877C85FE54ED}.Debug|x86.Build.0 = Debug|Win32
		{B1060892-5A91-4FA4-8F0F-877C85FE54ED}.Release|x64.ActiveCfg = Release|x64
		{B1060892-5A91-4FA4-8F0F-877C85FE54ED}.Release|x64.Build.0 = Release|x64
		{B1060892-5A91-4FA4-8F0F-877C85FE54ED}.Release|x86.ActiveCfg = Release|Win32
		{B1060892-5A91-4FA4-8F0F-877C85FE54ED}.Release|x86.Build.0 = Release|Win32
		{C43816F5-03F9-4A8F-95DD-475109B8F52A}.Debug|x64.ActiveCfg = Debug|x64
		{C43816F5-03F9-4A8F-95DD-475109B8F52A}.Debug|x64.Build.0 = Debug|x64
		{C43816F5-03F9-4A8F-95DD-475109B8F52A}.Debug|x86.ActiveCfg = Debug|Win32
		{C43816F5-03F9-4A8F-95DD-475109B8F52A}.Debug|x86.Build.0 = Debug|Win32
		{C43816F5-03F9-4A8F-95DD-475109B8F52A}.Release|x64.ActiveCfg = Release|x64
		{C43816F5-03F9-4A8F-95DD-475109B8F52A}.Release|x64.Build.0 = Release|x64
		{C43816F5-03F9-4A8F-95DD-475109B8F52A}.Release|x86.ActiveCfg = Release|Win32
		{C43816F5-03F9-4A8F-95DD-475109B8F52A}.Release|x86.Build.0 = Release|Win32
		{02FD8A78-3C0F-4BC7-B465-2F23A5AE0BBE}.Debug|x64.ActiveCfg = Debug|x64
		{02FD8A78-3C0F-4BC7-B465-2F23A5AE0BBE}.Debug|x64.Build.0 = Debug|x64
		{02FD8A78-3C0F-4BC7-B465-2F23A5AE0BBE}.Debug|x86.ActiveCfg = Debug|Win32
		{02FD8A78-3C0F-4BC7-B465-2F23A5AE0BBE}.Debug|x86.Build.0 = Debug|Win32
		{02FD8A78-3C0F-4BC7-B465-2F23A5AE0BBE}.Release|x64.ActiveCfg = Release|x64
		{02FD8A78-3C0F-4BC7-B465-2F23A5AE0BBE}.Release|x64.Build.0 = Release|x64
		{02FD8A78-3C0F-4BC7-B465-2F23A5AE0BBE}.Release|x86.ActiveCfg = Release|Win32
		{02FD8A78-3C0F-4BC7-B465-2F23A5AE0BBE}.Release|x86.Build.0 = Release|Win32
		{3E433536-3A94-4CB0-ADFE-07422A0AA3E1}.Debug|x64.ActiveCfg = Debug|x64
		{3E433536-3A94-4CB0-ADFE-07422A0AA3E1}.Debug|x64.Build.0 = Debug|x64
		{3E433536-3A94-4CB0-ADFE-07422A0AA3E1}.Debug|x86.ActiveCfg = Debug|Win32
		{3E433536-3A94-4CB0-ADFE-07422A0AA3E1}.Debug|x86.Build.0 = Debug|Win32
		{3E433536-3A94-4CB0-ADFE-07422A0AA3E1}.Release|x64.ActiveCfg = Release|x64
		{3E433536-3A94-4CB0-ADFE-07422A0AA3E1}.Release|x64.Build.0 = Release|x64
		{3E433536-3A94-4CB0-ADFE-07422A0AA3E1}.Release|x86.ActiveCfg = Release|Win32
		{3E433536-3A94-4CB0-ADFE-07422A0AA3E1}.Release|x86.Build.0 = Release|Win32
		{9D428CD5-B0FC-4468-8650-718AE0CC2BE2}.Debug|x64.ActiveCfg = Debug|x64
		{9D428CD5-B0FC-4468-8650-718AE0CC2BE2}.Debug|x64.Build.0 = Debug|x64
		{9D428CD5-B0FC-4468-8650-718AE0CC2BE2}.Debug|x86.ActiveCfg = Debug|Win32
		{9D428CD5-B0FC-4468-8650-718AE0CC2BE2}.Debug|x86.Build.0 = Debug|Win32
		{9D428CD5-B0FC-4468-8650-718AE0CC2BE2}.Release|x64.ActiveCfg = Release|x64
		{9D428CD5-B0FC-4468-8650-718AE0CC2BE2}.Release|x64.Build.0 = Release|x64
		{9D428CD5-B0FC-4468-8650-718AE0CC2BE2}.Release|x86.ActiveCfg = Release|Win32
		{9D428CD5-B0FC-4468-8650-718AE0CC2BE2}.Release|x86.Build.0 = Release|Win32
	EndGlobalSection
	GlobalSection(SolutionProperties) = preSolution
		HideSolutionNode = FALSE
	EndGlobalSection
EndGlobal
